
Microsoft Visual Studio Solution File, Format Version 12.00
# Visual Studio 15
VisualStudioVersion = 15.0.28307.572
MinimumVisualStudioVersion = 10.0.40219.1
Project("{FAE04EC0-301F-11D3-BF4B-00C04F79EFBC}") = "MovieInfo", "MovieInfo\MovieInfo.csproj", "{6A62D345-8B26-4009-9450-AAD865F2E2DA}"
EndProject
Project("{E53339B2-1760-4266-BCC7-CA923CBCF16C}") = "docker-compose", "docker-compose.dcproj", "{3A4D2D8B-A773-4644-8BA0-79FB64C36F7E}"
EndProject
Global
	GlobalSection(SolutionConfigurationPlatforms) = preSolution
		Debug|Any CPU = Debug|Any CPU
		Release|Any CPU = Release|Any CPU
	EndGlobalSection
	GlobalSection(ProjectConfigurationPlatforms) = postSolution
		{6A62D345-8B26-4009-9450-AAD865F2E2DA}.Debug|Any CPU.ActiveCfg = Debug|Any CPU
		{6A62D345-8B26-4009-9450-AAD865F2E2DA}.Debug|Any CPU.Build.0 = Debug|Any CPU
		{6A62D345-8B26-4009-9450-AAD865F2E2DA}.Release|Any CPU.ActiveCfg = Release|Any CPU
		{6A62D345-8B26-4009-9450-AAD865F2E2DA}.Release|Any CPU.Build.0 = Release|Any CPU
		{3A4D2D8B-A773-4644-8BA0-79FB64C36F7E}.Debug|Any CPU.ActiveCfg = Debug|Any CPU
		{3A4D2D8B-A773-4644-8BA0-79FB64C36F7E}.Debug|Any CPU.Build.0 = Debug|Any CPU
		{3A4D2D8B-A773-4644-8BA0-79FB64C36F7E}.Release|Any CPU.ActiveCfg = Release|Any CPU
		{3A4D2D8B-A773-4644-8BA0-79FB64C36F7E}.Release|Any CPU.Build.0 = Release|Any CPU
	EndGlobalSection
	GlobalSection(SolutionProperties) = preSolution
		HideSolutionNode = FALSE
	EndGlobalSection
	GlobalSection(ExtensibilityGlobals) = postSolution
		SolutionGuid = {3D225DA6-1F8A-4D85-83F6-12953153F13F}
	EndGlobalSection
EndGlobal
