
Microsoft Visual Studio Solution File, Format Version 12.00
# Visual Studio Version 16
VisualStudioVersion = 16.0.28803.452
MinimumVisualStudioVersion = 10.0.40219.1
Project("{FAE04EC0-301F-11D3-BF4B-00C04F79EFBC}") = "DLSUserMicroService", "DLSUserMicroService\DLSUserMicroService.csproj", "{A6B235C8-1435-4050-BCA2-AB2DD82809DD}"
EndProject
Global
	GlobalSection(SolutionConfigurationPlatforms) = preSolution
		Debug|Any CPU = Debug|Any CPU
		Release|Any CPU = Release|Any CPU
	EndGlobalSection
	GlobalSection(ProjectConfigurationPlatforms) = postSolution
		{A6B235C8-1435-4050-BCA2-AB2DD82809DD}.Debug|Any CPU.ActiveCfg = Debug|Any CPU
		{A6B235C8-1435-4050-BCA2-AB2DD82809DD}.Debug|Any CPU.Build.0 = Debug|Any CPU
		{A6B235C8-1435-4050-BCA2-AB2DD82809DD}.Release|Any CPU.ActiveCfg = Release|Any CPU
		{A6B235C8-1435-4050-BCA2-AB2DD82809DD}.Release|Any CPU.Build.0 = Release|Any CPU
	EndGlobalSection
	GlobalSection(SolutionProperties) = preSolution
		HideSolutionNode = FALSE
	EndGlobalSection
	GlobalSection(ExtensibilityGlobals) = postSolution
		SolutionGuid = {65E701F0-FB4C-463A-82DB-FE156777E9AA}
	EndGlobalSection
EndGlobal
