
Microsoft Visual Studio Solution File, Format Version 12.00
# Visual Studio 15
VisualStudioVersion = 15.0.28307.329
MinimumVisualStudioVersion = 10.0.40219.1
Project("{FAE04EC0-301F-11D3-BF4B-00C04F79EFBC}") = "WpfServer", "WpfServer\WpfServer.csproj", "{E4A27E3F-BB07-4FE3-8888-42A33E2C4EB6}"
EndProject
Project("{FAE04EC0-301F-11D3-BF4B-00C04F79EFBC}") = "Neo4jTestApp", "Neo4jTestApp\Neo4jTestApp.csproj", "{82D3D798-6F48-4016-AE49-D119C269009C}"
EndProject
Project("{9A19103F-16F7-4668-BE54-9A1E7A4F7556}") = "Neo4jTests", "Neo4jTests\Neo4jTests.csproj", "{03E9050D-7230-4795-8388-C4814C1835B7}"
EndProject
Project("{FAE04EC0-301F-11D3-BF4B-00C04F79EFBC}") = "MovieRecommendationLibrary", "MovieRecommendationLibrary\MovieRecommendationLibrary.csproj", "{D4FE2A14-4B0E-4E31-985F-D7F29F13A076}"
EndProject
Project("{2150E333-8FDC-42A3-9474-1A3956D46DE8}") = "Bin", "Bin", "{CD9B60F3-FE83-42DA-8321-66B14B96D63B}"
EndProject
Project("{2150E333-8FDC-42A3-9474-1A3956D46DE8}") = "Tools", "Tools", "{9564CEBA-8219-4D05-889A-3EBB195E104D}"
EndProject
Project("{FAE04EC0-301F-11D3-BF4B-00C04F79EFBC}") = "AdminToolWPF", "AdminToolWPF\AdminToolWPF.csproj", "{9DEC1658-E3F9-409D-B983-5B6821D3CFAB}"
EndProject
Project("{2150E333-8FDC-42A3-9474-1A3956D46DE8}") = "OnHold", "OnHold", "{742207EF-C84A-4610-B7D5-30168CCC6235}"
EndProject
Project("{FAE04EC0-301F-11D3-BF4B-00C04F79EFBC}") = "Neo4jRESTService", "Neo4jRESTService\Neo4jRESTService.csproj", "{1EC301A4-3636-4CC6-A716-4F42EF5720BB}"
EndProject
Global
	GlobalSection(SolutionConfigurationPlatforms) = preSolution
		Debug|Any CPU = Debug|Any CPU
		Release|Any CPU = Release|Any CPU
	EndGlobalSection
	GlobalSection(ProjectConfigurationPlatforms) = postSolution
		{E4A27E3F-BB07-4FE3-8888-42A33E2C4EB6}.Debug|Any CPU.ActiveCfg = Debug|Any CPU
		{E4A27E3F-BB07-4FE3-8888-42A33E2C4EB6}.Debug|Any CPU.Build.0 = Debug|Any CPU
		{E4A27E3F-BB07-4FE3-8888-42A33E2C4EB6}.Release|Any CPU.ActiveCfg = Release|Any CPU
		{E4A27E3F-BB07-4FE3-8888-42A33E2C4EB6}.Release|Any CPU.Build.0 = Release|Any CPU
		{82D3D798-6F48-4016-AE49-D119C269009C}.Debug|Any CPU.ActiveCfg = Debug|Any CPU
		{82D3D798-6F48-4016-AE49-D119C269009C}.Debug|Any CPU.Build.0 = Debug|Any CPU
		{82D3D798-6F48-4016-AE49-D119C269009C}.Release|Any CPU.ActiveCfg = Release|Any CPU
		{82D3D798-6F48-4016-AE49-D119C269009C}.Release|Any CPU.Build.0 = Release|Any CPU
		{03E9050D-7230-4795-8388-C4814C1835B7}.Debug|Any CPU.ActiveCfg = Debug|Any CPU
		{03E9050D-7230-4795-8388-C4814C1835B7}.Debug|Any CPU.Build.0 = Debug|Any CPU
		{03E9050D-7230-4795-8388-C4814C1835B7}.Release|Any CPU.ActiveCfg = Release|Any CPU
		{03E9050D-7230-4795-8388-C4814C1835B7}.Release|Any CPU.Build.0 = Release|Any CPU
		{D4FE2A14-4B0E-4E31-985F-D7F29F13A076}.Debug|Any CPU.ActiveCfg = Debug|Any CPU
		{D4FE2A14-4B0E-4E31-985F-D7F29F13A076}.Debug|Any CPU.Build.0 = Debug|Any CPU
		{D4FE2A14-4B0E-4E31-985F-D7F29F13A076}.Release|Any CPU.ActiveCfg = Release|Any CPU
		{D4FE2A14-4B0E-4E31-985F-D7F29F13A076}.Release|Any CPU.Build.0 = Release|Any CPU
		{9DEC1658-E3F9-409D-B983-5B6821D3CFAB}.Debug|Any CPU.ActiveCfg = Debug|Any CPU
		{9DEC1658-E3F9-409D-B983-5B6821D3CFAB}.Debug|Any CPU.Build.0 = Debug|Any CPU
		{9DEC1658-E3F9-409D-B983-5B6821D3CFAB}.Release|Any CPU.ActiveCfg = Release|Any CPU
		{9DEC1658-E3F9-409D-B983-5B6821D3CFAB}.Release|Any CPU.Build.0 = Release|Any CPU
		{1EC301A4-3636-4CC6-A716-4F42EF5720BB}.Debug|Any CPU.ActiveCfg = Debug|Any CPU
		{1EC301A4-3636-4CC6-A716-4F42EF5720BB}.Debug|Any CPU.Build.0 = Debug|Any CPU
		{1EC301A4-3636-4CC6-A716-4F42EF5720BB}.Release|Any CPU.ActiveCfg = Release|Any CPU
		{1EC301A4-3636-4CC6-A716-4F42EF5720BB}.Release|Any CPU.Build.0 = Release|Any CPU
	EndGlobalSection
	GlobalSection(SolutionProperties) = preSolution
		HideSolutionNode = FALSE
	EndGlobalSection
	GlobalSection(NestedProjects) = preSolution
		{E4A27E3F-BB07-4FE3-8888-42A33E2C4EB6} = {742207EF-C84A-4610-B7D5-30168CCC6235}
		{9DEC1658-E3F9-409D-B983-5B6821D3CFAB} = {9564CEBA-8219-4D05-889A-3EBB195E104D}
	EndGlobalSection
	GlobalSection(ExtensibilityGlobals) = postSolution
		SolutionGuid = {B9EBBF02-4856-49B3-B72C-BB3541084DF4}
	EndGlobalSection
EndGlobal
